
Microsoft Visual Studio Solution File, Format Version 12.00
# Visual Studio Version 17
VisualStudioVersion = 17.7.34024.191
MinimumVisualStudioVersion = 10.0.40219.1
Project("{FAE04EC0-301F-11D3-BF4B-00C04F79EFBC}") = "Lesson3", "Lesson3.csproj", "{4974BDF9-9D0A-4381-A6CD-4DE16D48CD46}"
EndProject
Project("{FAE04EC0-301F-11D3-BF4B-00C04F79EFBC}") = "Tymakov4", "..\Tymakov4\Tymakov4.csproj", "{866D5B81-E92F-4ADD-BB50-C68A93149761}"
EndProject
Global
	GlobalSection(SolutionConfigurationPlatforms) = preSolution
		Debug|Any CPU = Debug|Any CPU
		Release|Any CPU = Release|Any CPU
	EndGlobalSection
	GlobalSection(ProjectConfigurationPlatforms) = postSolution
		{4974BDF9-9D0A-4381-A6CD-4DE16D48CD46}.Debug|Any CPU.ActiveCfg = Debug|Any CPU
		{4974BDF9-9D0A-4381-A6CD-4DE16D48CD46}.Debug|Any CPU.Build.0 = Debug|Any CPU
		{4974BDF9-9D0A-4381-A6CD-4DE16D48CD46}.Release|Any CPU.ActiveCfg = Release|Any CPU
		{4974BDF9-9D0A-4381-A6CD-4DE16D48CD46}.Release|Any CPU.Build.0 = Release|Any CPU
		{866D5B81-E92F-4ADD-BB50-C68A93149761}.Debug|Any CPU.ActiveCfg = Debug|Any CPU
		{866D5B81-E92F-4ADD-BB50-C68A93149761}.Debug|Any CPU.Build.0 = Debug|Any CPU
		{866D5B81-E92F-4ADD-BB50-C68A93149761}.Release|Any CPU.ActiveCfg = Release|Any CPU
		{866D5B81-E92F-4ADD-BB50-C68A93149761}.Release|Any CPU.Build.0 = Release|Any CPU
	EndGlobalSection
	GlobalSection(SolutionProperties) = preSolution
		HideSolutionNode = FALSE
	EndGlobalSection
	GlobalSection(ExtensibilityGlobals) = postSolution
		SolutionGuid = {BB33E556-ABF2-4059-B909-5E829C469E49}
	EndGlobalSection
EndGlobal
